// !$*UTF8*$!
{
	archiveVersion = 1;
	classes = {
	};
	objectVersion = 56;
	objects = {

/* Begin PBXBuildFile section */
		BA50C96B2BB1714B00D3987F /* AppDelegate.swift in Sources */ = {isa = PBXBuildFile; fileRef = BA50C96A2BB1714B00D3987F /* AppDelegate.swift */; };
		BA50C96D2BB1714B00D3987F /* SceneDelegate.swift in Sources */ = {isa = PBXBuildFile; fileRef = BA50C96C2BB1714B00D3987F /* SceneDelegate.swift */; };
		BA50C96F2BB1714B00D3987F /* ViewController.swift in Sources */ = {isa = PBXBuildFile; fileRef = BA50C96E2BB1714B00D3987F /* ViewController.swift */; };
		BA50C9722BB1714B00D3987F /* Main.storyboard in Resources */ = {isa = PBXBuildFile; fileRef = BA50C9702BB1714B00D3987F /* Main.storyboard */; };
		BA50C9742BB1714D00D3987F /* Assets.xcassets in Resources */ = {isa = PBXBuildFile; fileRef = BA50C9732BB1714D00D3987F /* Assets.xcassets */; };
		BA50C9772BB1714D00D3987F /* LaunchScreen.storyboard in Resources */ = {isa = PBXBuildFile; fileRef = BA50C9752BB1714D00D3987F /* LaunchScreen.storyboard */; };
		BA50C97F2BB1768300D3987F /* .gitignore in Resources */ = {isa = PBXBuildFile; fileRef = BA50C97E2BB1768300D3987F /* .gitignore */; };
		BA50C9AA2BB17F0C00D3987F /* README.md in Resources */ = {isa = PBXBuildFile; fileRef = BA50C9A92BB17F0C00D3987F /* README.md */; };
/* End PBXBuildFile section */

/* Begin PBXFileReference section */
		BA50C9672BB1714B00D3987F /* LittlePink-GitCommandLine.app */ = {isa = PBXFileReference; explicitFileType = wrapper.application; includeInIndex = 0; path = "LittlePink-GitCommandLine.app"; sourceTree = BUILT_PRODUCTS_DIR; };
		BA50C96A2BB1714B00D3987F /* AppDelegate.swift */ = {isa = PBXFileReference; lastKnownFileType = sourcecode.swift; path = AppDelegate.swift; sourceTree = "<group>"; };
		BA50C96C2BB1714B00D3987F /* SceneDelegate.swift */ = {isa = PBXFileReference; lastKnownFileType = sourcecode.swift; path = SceneDelegate.swift; sourceTree = "<group>"; };
		BA50C96E2BB1714B00D3987F /* ViewController.swift */ = {isa = PBXFileReference; lastKnownFileType = sourcecode.swift; path = ViewController.swift; sourceTree = "<group>"; };
		BA50C9712BB1714B00D3987F /* Base */ = {isa = PBXFileReference; lastKnownFileType = file.storyboard; name = Base; path = Base.lproj/Main.storyboard; sourceTree = "<group>"; };
		BA50C9732BB1714D00D3987F /* Assets.xcassets */ = {isa = PBXFileReference; lastKnownFileType = folder.assetcatalog; path = Assets.xcassets; sourceTree = "<group>"; };
		BA50C9762BB1714D00D3987F /* Base */ = {isa = PBXFileReference; lastKnownFileType = file.storyboard; name = Base; path = Base.lproj/LaunchScreen.storyboard; sourceTree = "<group>"; };
		BA50C9782BB1714D00D3987F /* Info.plist */ = {isa = PBXFileReference; lastKnownFileType = text.plist.xml; path = Info.plist; sourceTree = "<group>"; };
		BA50C97E2BB1768300D3987F /* .gitignore */ = {isa = PBXFileReference; fileEncoding = 4; lastKnownFileType = text; path = .gitignore; sourceTree = "<group>"; };
		BA50C9A92BB17F0C00D3987F /* README.md */ = {isa = PBXFileReference; fileEncoding = 4; lastKnownFileType = net.daringfireball.markdown; name = README.md; path = ../../../Downloads/README.md; sourceTree = "<group>"; };
/* End PBXFileReference section */

/* Begin PBXFrameworksBuildPhase section */
		BA50C9642BB1714B00D3987F /* Frameworks */ = {
			isa = PBXFrameworksBuildPhase;
			buildActionMask = 2147483647;
			files = (
			);
			runOnlyForDeploymentPostprocessing = 0;
		};
/* End PBXFrameworksBuildPhase section */

/* Begin PBXGroup section */
		BA50C95E2BB1714B00D3987F = {
			isa = PBXGroup;
			children = (
				BA50C9A92BB17F0C00D3987F /* README.md */,
				BA50C97E2BB1768300D3987F /* .gitignore */,
				BA50C9692BB1714B00D3987F /* LittlePink-GitCommandLine */,
				BA50C9682BB1714B00D3987F /* Products */,
			);
			sourceTree = "<group>";
		};
		BA50C9682BB1714B00D3987F /* Products */ = {
			isa = PBXGroup;
			children = (
				BA50C9672BB1714B00D3987F /* LittlePink-GitCommandLine.app */,
			);
			name = Products;
			sourceTree = "<group>";
		};
		BA50C9692BB1714B00D3987F /* LittlePink-GitCommandLine */ = {
			isa = PBXGroup;
			children = (
				BA50C96A2BB1714B00D3987F /* AppDelegate.swift */,
				BA50C96C2BB1714B00D3987F /* SceneDelegate.swift */,
				BA50C96E2BB1714B00D3987F /* ViewController.swift */,
				BA50C9702BB1714B00D3987F /* Main.storyboard */,
				BA50C9732BB1714D00D3987F /* Assets.xcassets */,
				BA50C9752BB1714D00D3987F /* LaunchScreen.storyboard */,
				BA50C9782BB1714D00D3987F /* Info.plist */,
			);
			path = "LittlePink-GitCommandLine";
			sourceTree = "<group>";
		};
/* End PBXGroup section */

/* Begin PBXNativeTarget section */
		BA50C9662BB1714B00D3987F /* LittlePink-GitCommandLine */ = {
			isa = PBXNativeTarget;
			buildConfigurationList = BA50C97B2BB1714D00D3987F /* Build configuration list for PBXNativeTarget "LittlePink-GitCommandLine" */;
			buildPhases = (
				BA50C9632BB1714B00D3987F /* Sources */,
				BA50C9642BB1714B00D3987F /* Frameworks */,
				BA50C9652BB1714B00D3987F /* Resources */,
			);
			buildRules = (
			);
			dependencies = (
			);
			name = "LittlePink-GitCommandLine";
			productName = "LittlePink-GitCommandLine";
			productReference = BA50C9672BB1714B00D3987F /* LittlePink-GitCommandLine.app */;
			productType = "com.apple.product-type.application";
		};
/* End PBXNativeTarget section */

/* Begin PBXProject section */
		BA50C95F2BB1714B00D3987F /* Project object */ = {
			isa = PBXProject;
			attributes = {
				BuildIndependentTargetsInParallel = 1;
				LastSwiftUpdateCheck = 1520;
				LastUpgradeCheck = 1520;
				TargetAttributes = {
					BA50C9662BB1714B00D3987F = {
						CreatedOnToolsVersion = 15.2;
					};
				};
			};
			buildConfigurationList = BA50C9622BB1714B00D3987F /* Build configuration list for PBXProject "LittlePink-GitCommandLine" */;
			compatibilityVersion = "Xcode 14.0";
			developmentRegion = en;
			hasScannedForEncodings = 0;
			knownRegions = (
				en,
				Base,
			);
			mainGroup = BA50C95E2BB1714B00D3987F;
			productRefGroup = BA50C9682BB1714B00D3987F /* Products */;
			projectDirPath = "";
			projectRoot = "";
			targets = (
				BA50C9662BB1714B00D3987F /* LittlePink-GitCommandLine */,
			);
		};
/* End PBXProject section */

/* Begin PBXResourcesBuildPhase section */
		BA50C9652BB1714B00D3987F /* Resources */ = {
			isa = PBXResourcesBuildPhase;
			buildActionMask = 2147483647;
			files = (
				BA50C97F2BB1768300D3987F /* .gitignore in Resources */,
				BA50C9772BB1714D00D3987F /* LaunchScreen.storyboard in Resources */,
				BA50C9AA2BB17F0C00D3987F /* README.md in Resources */,
				BA50C9742BB1714D00D3987F /* Assets.xcassets in Resources */,
				BA50C9722BB1714B00D3987F /* Main.storyboard in Resources */,
			);
			runOnlyForDeploymentPostprocessing = 0;
		};
/* End PBXResourcesBuildPhase section */

/* Begin PBXSourcesBuildPhase section */
		BA50C9632BB1714B00D3987F /* Sources */ = {
			isa = PBXSourcesBuildPhase;
			buildActionMask = 2147483647;
			files = (
				BA50C96F2BB1714B00D3987F /* ViewController.swift in Sources */,
				BA50C96B2BB1714B00D3987F /* AppDelegate.swift in Sources */,
				BA50C96D2BB1714B00D3987F /* SceneDelegate.swift in Sources */,
			);
			runOnlyForDeploymentPostprocessing = 0;
		};
/* End PBXSourcesBuildPhase section */

/* Begin PBXVariantGroup section */
		BA50C9702BB1714B00D3987F /* Main.storyboard */ = {
			isa = PBXVariantGroup;
			children = (
				BA50C9712BB1714B00D3987F /* Base */,
			);
			name = Main.storyboard;
			sourceTree = "<group>";
		};
		BA50C9752BB1714D00D3987F /* LaunchScreen.storyboard */ = {
			isa = PBXVariantGroup;
			children = (
				BA50C9762BB1714D00D3987F /* Base */,
			);
			name = LaunchScreen.storyboard;
			sourceTree = "<group>";
		};
/* End PBXVariantGroup section */

/* Begin XCBuildConfiguration section */
		BA50C9792BB1714D00D3987F /* Debug */ = {
			isa = XCBuildConfiguration;
			buildSettings = {
				ALWAYS_SEARCH_USER_PATHS = NO;
				ASSETCATALOG_COMPILER_GENERATE_SWIFT_ASSET_SYMBOL_EXTENSIONS = YES;
				CLANG_ANALYZER_NONNULL = YES;
				CLANG_ANALYZER_NUMBER_OBJECT_CONVERSION = YES_AGGRESSIVE;
				CLANG_CXX_LANGUAGE_STANDARD = "gnu++20";
				CLANG_ENABLE_MODULES = YES;
				CLANG_ENABLE_OBJC_ARC = YES;
				CLANG_ENABLE_OBJC_WEAK = YES;
				CLANG_WARN_BLOCK_CAPTURE_AUTORELEASING = YES;
				CLANG_WARN_BOOL_CONVERSION = YES;
				CLANG_WARN_COMMA = YES;
				CLANG_WARN_CONSTANT_CONVERSION = YES;
				CLANG_WARN_DEPRECATED_OBJC_IMPLEMENTATIONS = YES;
				CLANG_WARN_DIRECT_OBJC_ISA_USAGE = YES_ERROR;
				CLANG_WARN_DOCUMENTATION_COMMENTS = YES;
				CLANG_WARN_EMPTY_BODY = YES;
				CLANG_WARN_ENUM_CONVERSION = YES;
				CLANG_WARN_INFINITE_RECURSION = YES;
				CLANG_WARN_INT_CONVERSION = YES;
				CLANG_WARN_NON_LITERAL_NULL_CONVERSION = YES;
				CLANG_WARN_OBJC_IMPLICIT_RETAIN_SELF = YES;
				CLANG_WARN_OBJC_LITERAL_CONVERSION = YES;
				CLANG_WARN_OBJC_ROOT_CLASS = YES_ERROR;
				CLANG_WARN_QUOTED_INCLUDE_IN_FRAMEWORK_HEADER = YES;
				CLANG_WARN_RANGE_LOOP_ANALYSIS = YES;
				CLANG_WARN_STRICT_PROTOTYPES = YES;
				CLANG_WARN_SUSPICIOUS_MOVE = YES;
				CLANG_WARN_UNGUARDED_AVAILABILITY = YES_AGGRESSIVE;
				CLANG_WARN_UNREACHABLE_CODE = YES;
				CLANG_WARN__DUPLICATE_METHOD_MATCH = YES;
				COPY_PHASE_STRIP = NO;
				DEBUG_INFORMATION_FORMAT = dwarf;
				ENABLE_STRICT_OBJC_MSGSEND = YES;
				ENABLE_TESTABILITY = YES;
				ENABLE_USER_SCRIPT_SANDBOXING = YES;
				GCC_C_LANGUAGE_STANDARD = gnu17;
				GCC_DYNAMIC_NO_PIC = NO;
				GCC_NO_COMMON_BLOCKS = YES;
				GCC_OPTIMIZATION_LEVEL = 0;
				GCC_PREPROCESSOR_DEFINITIONS = (
					"DEBUG=1",
					"$(inherited)",
				);
				GCC_WARN_64_TO_32_BIT_CONVERSION = YES;
				GCC_WARN_ABOUT_RETURN_TYPE = YES_ERROR;
				GCC_WARN_UNDECLARED_SELECTOR = YES;
				GCC_WARN_UNINITIALIZED_AUTOS = YES_AGGRESSIVE;
				GCC_WARN_UNUSED_FUNCTION = YES;
				GCC_WARN_UNUSED_VARIABLE = YES;
				IPHONEOS_DEPLOYMENT_TARGET = 17.2;
				LOCALIZATION_PREFERS_STRING_CATALOGS = YES;
				MTL_ENABLE_DEBUG_INFO = INCLUDE_SOURCE;
				MTL_FAST_MATH = YES;
				ONLY_ACTIVE_ARCH = YES;
				SDKROOT = iphoneos;
				SWIFT_ACTIVE_COMPILATION_CONDITIONS = "DEBUG $(inherited)";
				SWIFT_OPTIMIZATION_LEVEL = "-Onone";
			};
			name = Debug;
		};
		BA50C97A2BB1714D00D3987F /* Release */ = {
			isa = XCBuildConfiguration;
			buildSettings = {
				ALWAYS_SEARCH_USER_PATHS = NO;
				ASSETCATALOG_COMPILER_GENERATE_SWIFT_ASSET_SYMBOL_EXTENSIONS = YES;
				CLANG_ANALYZER_NONNULL = YES;
				CLANG_ANALYZER_NUMBER_OBJECT_CONVERSION = YES_AGGRESSIVE;
				CLANG_CXX_LANGUAGE_STANDARD = "gnu++20";
				CLANG_ENABLE_MODULES = YES;
				CLANG_ENABLE_OBJC_ARC = YES;
				CLANG_ENABLE_OBJC_WEAK = YES;
				CLANG_WARN_BLOCK_CAPTURE_AUTORELEASING = YES;
				CLANG_WARN_BOOL_CONVERSION = YES;
				CLANG_WARN_COMMA = YES;
				CLANG_WARN_CONSTANT_CONVERSION = YES;
				CLANG_WARN_DEPRECATED_OBJC_IMPLEMENTATIONS = YES;
				CLANG_WARN_DIRECT_OBJC_ISA_USAGE = YES_ERROR;
				CLANG_WARN_DOCUMENTATION_COMMENTS = YES;
				CLANG_WARN_EMPTY_BODY = YES;
				CLANG_WARN_ENUM_CONVERSION = YES;
				CLANG_WARN_INFINITE_RECURSION = YES;
				CLANG_WARN_INT_CONVERSION = YES;
				CLANG_WARN_NON_LITERAL_NULL_CONVERSION = YES;
				CLANG_WARN_OBJC_IMPLICIT_RETAIN_SELF = YES;
				CLANG_WARN_OBJC_LITERAL_CONVERSION = YES;
				CLANG_WARN_OBJC_ROOT_CLASS = YES_ERROR;
				CLANG_WARN_QUOTED_INCLUDE_IN_FRAMEWORK_HEADER = YES;
				CLANG_WARN_RANGE_LOOP_ANALYSIS = YES;
				CLANG_WARN_STRICT_PROTOTYPES = YES;
				CLANG_WARN_SUSPICIOUS_MOVE = YES;
				CLANG_WARN_UNGUARDED_AVAILABILITY = YES_AGGRESSIVE;
				CLANG_WARN_UNREACHABLE_CODE = YES;
				CLANG_WARN__DUPLICATE_METHOD_MATCH = YES;
				COPY_PHASE_STRIP = NO;
				DEBUG_INFORMATION_FORMAT = "dwarf-with-dsym";
				ENABLE_NS_ASSERTIONS = NO;
				ENABLE_STRICT_OBJC_MSGSEND = YES;
				ENABLE_USER_SCRIPT_SANDBOXING = YES;
				GCC_C_LANGUAGE_STANDARD = gnu17;
				GCC_NO_COMMON_BLOCKS = YES;
				GCC_WARN_64_TO_32_BIT_CONVERSION = YES;
				GCC_WARN_ABOUT_RETURN_TYPE = YES_ERROR;
				GCC_WARN_UNDECLARED_SELECTOR = YES;
				GCC_WARN_UNINITIALIZED_AUTOS = YES_AGGRESSIVE;
				GCC_WARN_UNUSED_FUNCTION = YES;
				GCC_WARN_UNUSED_VARIABLE = YES;
				IPHONEOS_DEPLOYMENT_TARGET = 17.2;
				LOCALIZATION_PREFERS_STRING_CATALOGS = YES;
				MTL_ENABLE_DEBUG_INFO = NO;
				MTL_FAST_MATH = YES;
				SDKROOT = iphoneos;
				SWIFT_COMPILATION_MODE = wholemodule;
				VALIDATE_PRODUCT = YES;
			};
			name = Release;
		};
		BA50C97C2BB1714D00D3987F /* Debug */ = {
			isa = XCBuildConfiguration;
			buildSettings = {
				ASSETCATALOG_COMPILER_APPICON_NAME = AppIcon;
				ASSETCATALOG_COMPILER_GLOBAL_ACCENT_COLOR_NAME = AccentColor;
				CODE_SIGN_STYLE = Automatic;
				CURRENT_PROJECT_VERSION = 1;
				DEVELOPMENT_TEAM = 7KFAK7B229;
				GENERATE_INFOPLIST_FILE = YES;
				INFOPLIST_FILE = "LittlePink-GitCommandLine/Info.plist";
				INFOPLIST_KEY_UIApplicationSupportsIndirectInputEvents = YES;
				INFOPLIST_KEY_UILaunchStoryboardName = LaunchScreen;
				INFOPLIST_KEY_UIMainStoryboardFile = Main;
				INFOPLIST_KEY_UISupportedInterfaceOrientations_iPad = "UIInterfaceOrientationPortrait UIInterfaceOrientationPortraitUpsideDown UIInterfaceOrientationLandscapeLeft UIInterfaceOrientationLandscapeRight";
				INFOPLIST_KEY_UISupportedInterfaceOrientations_iPhone = "UIInterfaceOrientationPortrait UIInterfaceOrientationLandscapeLeft UIInterfaceOrientationLandscapeRight";
				IPHONEOS_DEPLOYMENT_TARGET = 14.1;
				LD_RUNPATH_SEARCH_PATHS = (
					"$(inherited)",
					"@executable_path/Frameworks",
				);
				MARKETING_VERSION = 1.0;
				PRODUCT_BUNDLE_IDENTIFIER = "com.jcsass.LittlePink-GitCommandLine";
				PRODUCT_NAME = "$(TARGET_NAME)";
				SWIFT_EMIT_LOC_STRINGS = YES;
				SWIFT_VERSION = 5.0;
				TARGETED_DEVICE_FAMILY = "1,2";
			};
			name = Debug;
		};
		BA50C97D2BB1714D00D3987F /* Release */ = {
			isa = XCBuildConfiguration;
			buildSettings = {
				ASSETCATALOG_COMPILER_APPICON_NAME = AppIcon;
				ASSETCATALOG_COMPILER_GLOBAL_ACCENT_COLOR_NAME = AccentColor;
				CODE_SIGN_STYLE = Automatic;
				CURRENT_PROJECT_VERSION = 1;
				DEVELOPMENT_TEAM = 7KFAK7B229;
				GENERATE_INFOPLIST_FILE = YES;
				INFOPLIST_FILE = "LittlePink-GitCommandLine/Info.plist";
				INFOPLIST_KEY_UIApplicationSupportsIndirectInputEvents = YES;
				INFOPLIST_KEY_UILaunchStoryboardName = LaunchScreen;
				INFOPLIST_KEY_UIMainStoryboardFile = Main;
				INFOPLIST_KEY_UISupportedInterfaceOrientations_iPad = "UIInterfaceOrientationPortrait UIInterfaceOrientationPortraitUpsideDown UIInterfaceOrientationLandscapeLeft UIInterfaceOrientationLandscapeRight";
				INFOPLIST_KEY_UISupportedInterfaceOrientations_iPhone = "UIInterfaceOrientationPortrait UIInterfaceOrientationLandscapeLeft UIInterfaceOrientationLandscapeRight";
				IPHONEOS_DEPLOYMENT_TARGET = 14.1;
				LD_RUNPATH_SEARCH_PATHS = (
					"$(inherited)",
					"@executable_path/Frameworks",
				);
				MARKETING_VERSION = 1.0;
				PRODUCT_BUNDLE_IDENTIFIER = "com.jcsass.LittlePink-GitCommandLine";
				PRODUCT_NAME = "$(TARGET_NAME)";
				SWIFT_EMIT_LOC_STRINGS = YES;
				SWIFT_VERSION = 5.0;
				TARGETED_DEVICE_FAMILY = "1,2";
			};
			name = Release;
		};
/* End XCBuildConfiguration section */

/* Begin XCConfigurationList section */
		BA50C9622BB1714B00D3987F /* Build configuration list for PBXProject "LittlePink-GitCommandLine" */ = {
			isa = XCConfigurationList;
			buildConfigurations = (
				BA50C9792BB1714D00D3987F /* Debug */,
				BA50C97A2BB1714D00D3987F /* Release */,
			);
			defaultConfigurationIsVisible = 0;
			defaultConfigurationName = Release;
		};
		BA50C97B2BB1714D00D3987F /* Build configuration list for PBXNativeTarget "LittlePink-GitCommandLine" */ = {
			isa = XCConfigurationList;
			buildConfigurations = (
				BA50C97C2BB1714D00D3987F /* Debug */,
				BA50C97D2BB1714D00D3987F /* Release */,
			);
			defaultConfigurationIsVisible = 0;
			defaultConfigurationName = Release;
		};
/* End XCConfigurationList section */
	};
	rootObject = BA50C95F2BB1714B00D3987F /* Project object */;
}
